
Microsoft Visual Studio Solution File, Format Version 12.00
# Visual Studio 2013
VisualStudioVersion = 12.0.31101.0
MinimumVisualStudioVersion = 10.0.40219.1
Project("{FAE04EC0-301F-11D3-BF4B-00C04F79EFBC}") = "SampleProject", "SampleProject\SampleProject.csproj", "{8BFC82AD-BD5B-4D06-80E2-98DC2D95603E}"
	ProjectSection(ProjectDependencies) = postProject
		{2BA37848-8F07-4D23-9A69-1D8863335B9D} = {2BA37848-8F07-4D23-9A69-1D8863335B9D}
	EndProjectSection
EndProject
Project("{FAE04EC0-301F-11D3-BF4B-00C04F79EFBC}") = "Interswitch", "Interswitch\Interswitch.csproj", "{2BA37848-8F07-4D23-9A69-1D8863335B9D}"
EndProject
Project("{FAE04EC0-301F-11D3-BF4B-00C04F79EFBC}") = "InterswitchSecure", "..\My Received Files\InterswitchSecure\InterswitchSecure\InterswitchSecure.csproj", "{CD579B70-FF8B-4E85-8E3B-D20AA82FFFAE}"
EndProject
Global
	GlobalSection(SolutionConfigurationPlatforms) = preSolution
		Debug|Any CPU = Debug|Any CPU
		Release|Any CPU = Release|Any CPU
	EndGlobalSection
	GlobalSection(ProjectConfigurationPlatforms) = postSolution
		{8BFC82AD-BD5B-4D06-80E2-98DC2D95603E}.Debug|Any CPU.ActiveCfg = Debug|Any CPU
		{8BFC82AD-BD5B-4D06-80E2-98DC2D95603E}.Debug|Any CPU.Build.0 = Debug|Any CPU
		{8BFC82AD-BD5B-4D06-80E2-98DC2D95603E}.Release|Any CPU.ActiveCfg = Release|Any CPU
		{8BFC82AD-BD5B-4D06-80E2-98DC2D95603E}.Release|Any CPU.Build.0 = Release|Any CPU
		{2BA37848-8F07-4D23-9A69-1D8863335B9D}.Debug|Any CPU.ActiveCfg = Debug|Any CPU
		{2BA37848-8F07-4D23-9A69-1D8863335B9D}.Debug|Any CPU.Build.0 = Debug|Any CPU
		{2BA37848-8F07-4D23-9A69-1D8863335B9D}.Release|Any CPU.ActiveCfg = Release|Any CPU
		{2BA37848-8F07-4D23-9A69-1D8863335B9D}.Release|Any CPU.Build.0 = Release|Any CPU
		{CD579B70-FF8B-4E85-8E3B-D20AA82FFFAE}.Debug|Any CPU.ActiveCfg = Debug|Any CPU
		{CD579B70-FF8B-4E85-8E3B-D20AA82FFFAE}.Debug|Any CPU.Build.0 = Debug|Any CPU
		{CD579B70-FF8B-4E85-8E3B-D20AA82FFFAE}.Release|Any CPU.ActiveCfg = Release|Any CPU
		{CD579B70-FF8B-4E85-8E3B-D20AA82FFFAE}.Release|Any CPU.Build.0 = Release|Any CPU
	EndGlobalSection
	GlobalSection(SolutionProperties) = preSolution
		HideSolutionNode = FALSE
	EndGlobalSection
EndGlobal
